
Microsoft Visual Studio Solution File, Format Version 12.00
# Visual Studio 15
VisualStudioVersion = 15.0.27004.2002
MinimumVisualStudioVersion = 10.0.40219.1
Project("{FAE04EC0-301F-11D3-BF4B-00C04F79EFBC}") = "PiC3-Ang", "PiC3-Ang\PiC3-Ang.csproj", "{D7AEE68A-A0F7-4812-A878-BAA7CFB2B9CE}"
EndProject
Global
	GlobalSection(SolutionConfigurationPlatforms) = preSolution
		Debug|Any CPU = Debug|Any CPU
		Release|Any CPU = Release|Any CPU
	EndGlobalSection
	GlobalSection(ProjectConfigurationPlatforms) = postSolution
		{D7AEE68A-A0F7-4812-A878-BAA7CFB2B9CE}.Debug|Any CPU.ActiveCfg = Debug|Any CPU
		{D7AEE68A-A0F7-4812-A878-BAA7CFB2B9CE}.Debug|Any CPU.Build.0 = Debug|Any CPU
		{D7AEE68A-A0F7-4812-A878-BAA7CFB2B9CE}.Release|Any CPU.ActiveCfg = Release|Any CPU
		{D7AEE68A-A0F7-4812-A878-BAA7CFB2B9CE}.Release|Any CPU.Build.0 = Release|Any CPU
	EndGlobalSection
	GlobalSection(SolutionProperties) = preSolution
		HideSolutionNode = FALSE
	EndGlobalSection
	GlobalSection(ExtensibilityGlobals) = postSolution
		SolutionGuid = {F7C2ECD9-7499-42A0-80A6-CE5198B3CD67}
	EndGlobalSection
EndGlobal
